{
  "name": "worldprivacy-front",
  "lockfileVersion": 3,
  "requires": true,
  "packages": {
    "": {
      "devDependencies": {
        "baseline-browser-mapping": "^2.8.32"
      }
    },
    "node_modules/baseline-browser-mapping": {
      "version": "2.8.32",
      "resolved": "https://registry.npmjs.org/baseline-browser-mapping/-/baseline-browser-mapping-2.8.32.tgz",
      "integrity": "sha512-OPz5aBThlyLFgxyhdwf/s2+8ab3OvT7AdTNvKHBwpXomIYeXqpUUuT8LrdtxZSsWJ4R4CU1un4XGh5Ez3nlTpw==",
      "dev": true,
      "license": "Apache-2.0",
      "bin": {
        "baseline-browser-mapping": "dist/cli.js"
      }
    }
  }
}
